// !$*UTF8*$!
{
	archiveVersion = 1;
	classes = {
	};
	objectVersion = 50;
	objects = {

/* Begin PBXBuildFile section */
		150A301221A6E106000CAB0C /* AppDelegate.swift in Sources */ = {isa = PBXBuildFile; fileRef = 150A301121A6E106000CAB0C /* AppDelegate.swift */; };
		150A301921A6E106000CAB0C /* Main.storyboard in Resources */ = {isa = PBXBuildFile; fileRef = 150A301721A6E106000CAB0C /* Main.storyboard */; };
		150A301B21A6E107000CAB0C /* Assets.xcassets in Resources */ = {isa = PBXBuildFile; fileRef = 150A301A21A6E107000CAB0C /* Assets.xcassets */; };
		150A301E21A6E107000CAB0C /* LaunchScreen.storyboard in Resources */ = {isa = PBXBuildFile; fileRef = 150A301C21A6E107000CAB0C /* LaunchScreen.storyboard */; };
		150A302621A6E422000CAB0C /* SettingsViewController.swift in Sources */ = {isa = PBXBuildFile; fileRef = 150A302521A6E422000CAB0C /* SettingsViewController.swift */; };
		150A302C21A701DC000CAB0C /* MainViewModel.swift in Sources */ = {isa = PBXBuildFile; fileRef = 150A302B21A701DC000CAB0C /* MainViewModel.swift */; };
		150A302F21A701F4000CAB0C /* UserDefaultsWrapper.swift in Sources */ = {isa = PBXBuildFile; fileRef = 150A302E21A701F4000CAB0C /* UserDefaultsWrapper.swift */; };
		150A303121A70207000CAB0C /* RepoWrapper.swift in Sources */ = {isa = PBXBuildFile; fileRef = 150A303021A70207000CAB0C /* RepoWrapper.swift */; };
		150A303521A70248000CAB0C /* HistoryViewController.swift in Sources */ = {isa = PBXBuildFile; fileRef = 150A303421A70248000CAB0C /* HistoryViewController.swift */; };
		150A303721A70251000CAB0C /* HistoryViewModel.swift in Sources */ = {isa = PBXBuildFile; fileRef = 150A303621A70251000CAB0C /* HistoryViewModel.swift */; };
		15A8FD2622C50C5200C868D8 /* CheckinViewController.storyboard in Resources */ = {isa = PBXBuildFile; fileRef = 15A8FD2522C50C5200C868D8 /* CheckinViewController.storyboard */; };
		15A8FD2822C50C7D00C868D8 /* CheckinViewController.swift in Sources */ = {isa = PBXBuildFile; fileRef = 15A8FD2722C50C7D00C868D8 /* CheckinViewController.swift */; };
		15E2FCCA22633FDD00C5775F /* DashboardViewModel.swift in Sources */ = {isa = PBXBuildFile; fileRef = 15E2FCC922633FDD00C5775F /* DashboardViewModel.swift */; };
		15E2FCCC226340D200C5775F /* GoogleService-Info.plist in Resources */ = {isa = PBXBuildFile; fileRef = 15E2FCCB226340D200C5775F /* GoogleService-Info.plist */; };
		15F33FE622C65A7700A4278B /* NotesEntryContracts.swift in Sources */ = {isa = PBXBuildFile; fileRef = 15F33FE522C65A7700A4278B /* NotesEntryContracts.swift */; };
		630A9852222AA016008B0116 /* DateSelectionViewController.storyboard in Resources */ = {isa = PBXBuildFile; fileRef = 630A9851222AA016008B0116 /* DateSelectionViewController.storyboard */; };
		630A9854222AA025008B0116 /* DateSelectionViewController.swift in Sources */ = {isa = PBXBuildFile; fileRef = 630A9853222AA025008B0116 /* DateSelectionViewController.swift */; };
		630A9856222AA03F008B0116 /* DateSelectionPresenter.swift in Sources */ = {isa = PBXBuildFile; fileRef = 630A9855222AA03F008B0116 /* DateSelectionPresenter.swift */; };
		630A9858222AA05F008B0116 /* DateSelectionInteractor.swift in Sources */ = {isa = PBXBuildFile; fileRef = 630A9857222AA05F008B0116 /* DateSelectionInteractor.swift */; };
		630A985A222AA07B008B0116 /* DateSelectionEntities.swift in Sources */ = {isa = PBXBuildFile; fileRef = 630A9859222AA07B008B0116 /* DateSelectionEntities.swift */; };
		630A985C222AA08A008B0116 /* DateSelectionBuilder.swift in Sources */ = {isa = PBXBuildFile; fileRef = 630A985B222AA08A008B0116 /* DateSelectionBuilder.swift */; };
		630A985E222AA09D008B0116 /* DateSelectionCoordinator.swift in Sources */ = {isa = PBXBuildFile; fileRef = 630A985D222AA09D008B0116 /* DateSelectionCoordinator.swift */; };
		630A9860222AA0E6008B0116 /* DateSelectionContract.swift in Sources */ = {isa = PBXBuildFile; fileRef = 630A985F222AA0E6008B0116 /* DateSelectionContract.swift */; };
		630A9862222B8CEB008B0116 /* DateSelectionCell.swift in Sources */ = {isa = PBXBuildFile; fileRef = 630A9861222B8CEB008B0116 /* DateSelectionCell.swift */; };
		630A9864222BC01D008B0116 /* UserGoalsServiceWrapper.swift in Sources */ = {isa = PBXBuildFile; fileRef = 630A9863222BC01D008B0116 /* UserGoalsServiceWrapper.swift */; };
		630DC5F321B011B600E608F4 /* SettingsViewModel.swift in Sources */ = {isa = PBXBuildFile; fileRef = 630DC5F221B011B600E608F4 /* SettingsViewModel.swift */; };
		630DC5F521B191C900E608F4 /* UserSettings.swift in Sources */ = {isa = PBXBuildFile; fileRef = 630DC5F421B191C900E608F4 /* UserSettings.swift */; };
		632520DA2246559700EF6971 /* NotificationCenter+Ext.swift in Sources */ = {isa = PBXBuildFile; fileRef = 632520D92246559700EF6971 /* NotificationCenter+Ext.swift */; };
		632520DC2248DE2D00EF6971 /* UICollectionView+Ext.swift in Sources */ = {isa = PBXBuildFile; fileRef = 632520DB2248DE2D00EF6971 /* UICollectionView+Ext.swift */; };
		633781F021D434F200E11531 /* Date+Ext.swift in Sources */ = {isa = PBXBuildFile; fileRef = 633781EF21D434F200E11531 /* Date+Ext.swift */; };
		633781F221D5061900E11531 /* HistoryCalendarCell.swift in Sources */ = {isa = PBXBuildFile; fileRef = 633781F121D5061900E11531 /* HistoryCalendarCell.swift */; };
		63426E0021E9E3AB00EA35CB /* HistoryCellModel.swift in Sources */ = {isa = PBXBuildFile; fileRef = 63426DFF21E9E3AB00EA35CB /* HistoryCellModel.swift */; };
		63426E0221E9F3B700EA35CB /* ThemeHelper.swift in Sources */ = {isa = PBXBuildFile; fileRef = 63426E0121E9F3B700EA35CB /* ThemeHelper.swift */; };
		63426E2021E9F45C00EA35CB /* Roboto-Italic.ttf in Resources */ = {isa = PBXBuildFile; fileRef = 63426E0E21E9F45B00EA35CB /* Roboto-Italic.ttf */; };
		63426E2421E9F45C00EA35CB /* Roboto-Black.ttf in Resources */ = {isa = PBXBuildFile; fileRef = 63426E1221E9F45C00EA35CB /* Roboto-Black.ttf */; };
		63426E2921E9F65700EA35CB /* Roboto-Regular.ttf in Resources */ = {isa = PBXBuildFile; fileRef = 63426E2821E9F65600EA35CB /* Roboto-Regular.ttf */; };
		634C9EAA2249E9A500E2B53E /* UIView+Ext.swift in Sources */ = {isa = PBXBuildFile; fileRef = 634C9EA92249E9A500E2B53E /* UIView+Ext.swift */; };
		6371A51921F9AE4800D80CF7 /* NotesEntry.storyboard in Resources */ = {isa = PBXBuildFile; fileRef = 6371A51821F9AE4800D80CF7 /* NotesEntry.storyboard */; };
		6371A51B21F9AE5B00D80CF7 /* NotesEntryViewController.swift in Sources */ = {isa = PBXBuildFile; fileRef = 6371A51A21F9AE5B00D80CF7 /* NotesEntryViewController.swift */; };
		6371A51D21F9AE6300D80CF7 /* NotesEntryViewModel.swift in Sources */ = {isa = PBXBuildFile; fileRef = 6371A51C21F9AE6300D80CF7 /* NotesEntryViewModel.swift */; };
		6371A52021FC4A4300D80CF7 /* CompletedGoalViewController.swift in Sources */ = {isa = PBXBuildFile; fileRef = 6371A51F21FC4A4300D80CF7 /* CompletedGoalViewController.swift */; };
		6371A52221FC4A4E00D80CF7 /* CompletedGoalViewModel.swift in Sources */ = {isa = PBXBuildFile; fileRef = 6371A52121FC4A4E00D80CF7 /* CompletedGoalViewModel.swift */; };
		6371A52421FC4A5700D80CF7 /* CompletedGoal.storyboard in Resources */ = {isa = PBXBuildFile; fileRef = 6371A52321FC4A5700D80CF7 /* CompletedGoal.storyboard */; };
		63A3B5D82236A42A00105C58 /* HistoryViewController.storyboard in Resources */ = {isa = PBXBuildFile; fileRef = 63A3B5D72236A42A00105C58 /* HistoryViewController.storyboard */; };
		63B030BE21AB112300890104 /* DailyGoal.swift in Sources */ = {isa = PBXBuildFile; fileRef = 63B030BD21AB112300890104 /* DailyGoal.swift */; };
		63B96A7C2224233400BBA9F9 /* SettingsViewController.storyboard in Resources */ = {isa = PBXBuildFile; fileRef = 63B96A7B2224233400BBA9F9 /* SettingsViewController.storyboard */; };
		63B96A7E2224256100BBA9F9 /* MainViewController.storyboard in Resources */ = {isa = PBXBuildFile; fileRef = 63B96A7D2224256100BBA9F9 /* MainViewController.storyboard */; };
		63B96A802224268600BBA9F9 /* DashboardViewController.storyboard in Resources */ = {isa = PBXBuildFile; fileRef = 63B96A7F2224268600BBA9F9 /* DashboardViewController.storyboard */; };
		63BA7BC621CFA2190010A5A7 /* Onboarding.storyboard in Resources */ = {isa = PBXBuildFile; fileRef = 63BA7BC521CFA2190010A5A7 /* Onboarding.storyboard */; };
		63BA7BC821CFA4210010A5A7 /* GoalEntry.storyboard in Resources */ = {isa = PBXBuildFile; fileRef = 63BA7BC721CFA4210010A5A7 /* GoalEntry.storyboard */; };
		63BA7C0621D1DF6F0010A5A7 /* UserService.swift in Sources */ = {isa = PBXBuildFile; fileRef = 63BA7C0521D1DF6F0010A5A7 /* UserService.swift */; };
		63BA7C0821D1EE100010A5A7 /* Review.storyboard in Resources */ = {isa = PBXBuildFile; fileRef = 63BA7C0721D1EE100010A5A7 /* Review.storyboard */; };
		63BB458C21E9FA1F006556D3 /* GoalEntryViewController.swift in Sources */ = {isa = PBXBuildFile; fileRef = 63BB458B21E9FA1F006556D3 /* GoalEntryViewController.swift */; };
		63BB458E21E9FA27006556D3 /* GoalEntryViewModel.swift in Sources */ = {isa = PBXBuildFile; fileRef = 63BB458D21E9FA27006556D3 /* GoalEntryViewModel.swift */; };
		63BB459021F578B8006556D3 /* UITextFieldFixed.swift in Sources */ = {isa = PBXBuildFile; fileRef = 63BB458F21F578B8006556D3 /* UITextFieldFixed.swift */; };
		63BB459321F5AA73006556D3 /* DashboardViewController.swift in Sources */ = {isa = PBXBuildFile; fileRef = 63BB459221F5AA72006556D3 /* DashboardViewController.swift */; };
		63BB459721F5AD90006556D3 /* TextStylable.swift in Sources */ = {isa = PBXBuildFile; fileRef = 63BB459621F5AD90006556D3 /* TextStylable.swift */; };
		63BB459921F5AE72006556D3 /* UIButton+Ext.swift in Sources */ = {isa = PBXBuildFile; fileRef = 63BB459821F5AE72006556D3 /* UIButton+Ext.swift */; };
		63F57A86222BDAFB003D7F31 /* MainViewController.swift in Sources */ = {isa = PBXBuildFile; fileRef = 63F57A85222BDAFB003D7F31 /* MainViewController.swift */; };
		63FF09A221AC12850001B450 /* LocalCollection.swift in Sources */ = {isa = PBXBuildFile; fileRef = 63FF09A121AC12840001B450 /* LocalCollection.swift */; };
		8D4F9253C435883B654B4926 /* Pods_OnePercentWin.framework in Frameworks */ = {isa = PBXBuildFile; fileRef = 1ADC9A54CAE28B932803F408 /* Pods_OnePercentWin.framework */; };
/* End PBXBuildFile section */

/* Begin PBXFileReference section */
		000630BC2ACDD59A9D83E0B0 /* Pods-OnePercentWin.release.xcconfig */ = {isa = PBXFileReference; includeInIndex = 1; lastKnownFileType = text.xcconfig; name = "Pods-OnePercentWin.release.xcconfig"; path = "Pods/Target Support Files/Pods-OnePercentWin/Pods-OnePercentWin.release.xcconfig"; sourceTree = "<group>"; };
		150A300E21A6E106000CAB0C /* OnePercentWin.app */ = {isa = PBXFileReference; explicitFileType = wrapper.application; includeInIndex = 0; path = OnePercentWin.app; sourceTree = BUILT_PRODUCTS_DIR; };
		150A301121A6E106000CAB0C /* AppDelegate.swift */ = {isa = PBXFileReference; lastKnownFileType = sourcecode.swift; path = AppDelegate.swift; sourceTree = "<group>"; };
		150A301821A6E106000CAB0C /* Base */ = {isa = PBXFileReference; lastKnownFileType = file.storyboard; name = Base; path = Base.lproj/Main.storyboard; sourceTree = "<group>"; };
		150A301A21A6E107000CAB0C /* Assets.xcassets */ = {isa = PBXFileReference; lastKnownFileType = folder.assetcatalog; path = Assets.xcassets; sourceTree = "<group>"; };
		150A301D21A6E107000CAB0C /* Base */ = {isa = PBXFileReference; lastKnownFileType = file.storyboard; name = Base; path = Base.lproj/LaunchScreen.storyboard; sourceTree = "<group>"; };
		150A301F21A6E107000CAB0C /* Info.plist */ = {isa = PBXFileReference; lastKnownFileType = text.plist.xml; path = Info.plist; sourceTree = "<group>"; };
		150A302521A6E422000CAB0C /* SettingsViewController.swift */ = {isa = PBXFileReference; lastKnownFileType = sourcecode.swift; path = SettingsViewController.swift; sourceTree = "<group>"; };
		150A302B21A701DC000CAB0C /* MainViewModel.swift */ = {isa = PBXFileReference; lastKnownFileType = sourcecode.swift; path = MainViewModel.swift; sourceTree = "<group>"; };
		150A302E21A701F4000CAB0C /* UserDefaultsWrapper.swift */ = {isa = PBXFileReference; lastKnownFileType = sourcecode.swift; path = UserDefaultsWrapper.swift; sourceTree = "<group>"; };
		150A303021A70207000CAB0C /* RepoWrapper.swift */ = {isa = PBXFileReference; lastKnownFileType = sourcecode.swift; path = RepoWrapper.swift; sourceTree = "<group>"; };
		150A303421A70248000CAB0C /* HistoryViewController.swift */ = {isa = PBXFileReference; lastKnownFileType = sourcecode.swift; path = HistoryViewController.swift; sourceTree = "<group>"; };
		150A303621A70251000CAB0C /* HistoryViewModel.swift */ = {isa = PBXFileReference; lastKnownFileType = sourcecode.swift; path = HistoryViewModel.swift; sourceTree = "<group>"; };
		15A8FD2522C50C5200C868D8 /* CheckinViewController.storyboard */ = {isa = PBXFileReference; lastKnownFileType = file.storyboard; path = CheckinViewController.storyboard; sourceTree = "<group>"; };
		15A8FD2722C50C7D00C868D8 /* CheckinViewController.swift */ = {isa = PBXFileReference; lastKnownFileType = sourcecode.swift; path = CheckinViewController.swift; sourceTree = "<group>"; };
		15E2FCC922633FDD00C5775F /* DashboardViewModel.swift */ = {isa = PBXFileReference; fileEncoding = 4; lastKnownFileType = sourcecode.swift; path = DashboardViewModel.swift; sourceTree = "<group>"; };
		15E2FCCB226340D200C5775F /* GoogleService-Info.plist */ = {isa = PBXFileReference; fileEncoding = 4; lastKnownFileType = text.plist.xml; path = "GoogleService-Info.plist"; sourceTree = "<group>"; };
		15F33FE522C65A7700A4278B /* NotesEntryContracts.swift */ = {isa = PBXFileReference; lastKnownFileType = sourcecode.swift; path = NotesEntryContracts.swift; sourceTree = "<group>"; };
		1ADC9A54CAE28B932803F408 /* Pods_OnePercentWin.framework */ = {isa = PBXFileReference; explicitFileType = wrapper.framework; includeInIndex = 0; path = Pods_OnePercentWin.framework; sourceTree = BUILT_PRODUCTS_DIR; };
		630A9851222AA016008B0116 /* DateSelectionViewController.storyboard */ = {isa = PBXFileReference; lastKnownFileType = file.storyboard; path = DateSelectionViewController.storyboard; sourceTree = "<group>"; };
		630A9853222AA025008B0116 /* DateSelectionViewController.swift */ = {isa = PBXFileReference; lastKnownFileType = sourcecode.swift; path = DateSelectionViewController.swift; sourceTree = "<group>"; };
		630A9855222AA03F008B0116 /* DateSelectionPresenter.swift */ = {isa = PBXFileReference; lastKnownFileType = sourcecode.swift; path = DateSelectionPresenter.swift; sourceTree = "<group>"; };
		630A9857222AA05F008B0116 /* DateSelectionInteractor.swift */ = {isa = PBXFileReference; lastKnownFileType = sourcecode.swift; path = DateSelectionInteractor.swift; sourceTree = "<group>"; };
		630A9859222AA07B008B0116 /* DateSelectionEntities.swift */ = {isa = PBXFileReference; lastKnownFileType = sourcecode.swift; path = DateSelectionEntities.swift; sourceTree = "<group>"; };
		630A985B222AA08A008B0116 /* DateSelectionBuilder.swift */ = {isa = PBXFileReference; lastKnownFileType = sourcecode.swift; path = DateSelectionBuilder.swift; sourceTree = "<group>"; };
		630A985D222AA09D008B0116 /* DateSelectionCoordinator.swift */ = {isa = PBXFileReference; lastKnownFileType = sourcecode.swift; path = DateSelectionCoordinator.swift; sourceTree = "<group>"; };
		630A985F222AA0E6008B0116 /* DateSelectionContract.swift */ = {isa = PBXFileReference; lastKnownFileType = sourcecode.swift; path = DateSelectionContract.swift; sourceTree = "<group>"; };
		630A9861222B8CEB008B0116 /* DateSelectionCell.swift */ = {isa = PBXFileReference; lastKnownFileType = sourcecode.swift; path = DateSelectionCell.swift; sourceTree = "<group>"; };
		630A9863222BC01D008B0116 /* UserGoalsServiceWrapper.swift */ = {isa = PBXFileReference; lastKnownFileType = sourcecode.swift; path = UserGoalsServiceWrapper.swift; sourceTree = "<group>"; };
		630DC5F221B011B600E608F4 /* SettingsViewModel.swift */ = {isa = PBXFileReference; lastKnownFileType = sourcecode.swift; path = SettingsViewModel.swift; sourceTree = "<group>"; };
		630DC5F421B191C900E608F4 /* UserSettings.swift */ = {isa = PBXFileReference; lastKnownFileType = sourcecode.swift; path = UserSettings.swift; sourceTree = "<group>"; };
		632520D92246559700EF6971 /* NotificationCenter+Ext.swift */ = {isa = PBXFileReference; lastKnownFileType = sourcecode.swift; path = "NotificationCenter+Ext.swift"; sourceTree = "<group>"; };
		632520DB2248DE2D00EF6971 /* UICollectionView+Ext.swift */ = {isa = PBXFileReference; lastKnownFileType = sourcecode.swift; path = "UICollectionView+Ext.swift"; sourceTree = "<group>"; };
		633781EF21D434F200E11531 /* Date+Ext.swift */ = {isa = PBXFileReference; lastKnownFileType = sourcecode.swift; path = "Date+Ext.swift"; sourceTree = "<group>"; };
		633781F121D5061900E11531 /* HistoryCalendarCell.swift */ = {isa = PBXFileReference; lastKnownFileType = sourcecode.swift; path = HistoryCalendarCell.swift; sourceTree = "<group>"; };
		63426DFF21E9E3AB00EA35CB /* HistoryCellModel.swift */ = {isa = PBXFileReference; lastKnownFileType = sourcecode.swift; path = HistoryCellModel.swift; sourceTree = "<group>"; };
		63426E0121E9F3B700EA35CB /* ThemeHelper.swift */ = {isa = PBXFileReference; lastKnownFileType = sourcecode.swift; path = ThemeHelper.swift; sourceTree = "<group>"; };
		63426E0E21E9F45B00EA35CB /* Roboto-Italic.ttf */ = {isa = PBXFileReference; lastKnownFileType = file; name = "Roboto-Italic.ttf"; path = "roboto/Roboto-Italic.ttf"; sourceTree = SOURCE_ROOT; };
		63426E1221E9F45C00EA35CB /* Roboto-Black.ttf */ = {isa = PBXFileReference; lastKnownFileType = file; name = "Roboto-Black.ttf"; path = "roboto/Roboto-Black.ttf"; sourceTree = SOURCE_ROOT; };
		63426E2821E9F65600EA35CB /* Roboto-Regular.ttf */ = {isa = PBXFileReference; lastKnownFileType = file; name = "Roboto-Regular.ttf"; path = "roboto/Roboto-Regular.ttf"; sourceTree = SOURCE_ROOT; };
		634C9EA92249E9A500E2B53E /* UIView+Ext.swift */ = {isa = PBXFileReference; lastKnownFileType = sourcecode.swift; path = "UIView+Ext.swift"; sourceTree = "<group>"; };
		6371A51821F9AE4800D80CF7 /* NotesEntry.storyboard */ = {isa = PBXFileReference; lastKnownFileType = file.storyboard; path = NotesEntry.storyboard; sourceTree = "<group>"; };
		6371A51A21F9AE5B00D80CF7 /* NotesEntryViewController.swift */ = {isa = PBXFileReference; lastKnownFileType = sourcecode.swift; path = NotesEntryViewController.swift; sourceTree = "<group>"; };
		6371A51C21F9AE6300D80CF7 /* NotesEntryViewModel.swift */ = {isa = PBXFileReference; lastKnownFileType = sourcecode.swift; path = NotesEntryViewModel.swift; sourceTree = "<group>"; };
		6371A51F21FC4A4300D80CF7 /* CompletedGoalViewController.swift */ = {isa = PBXFileReference; lastKnownFileType = sourcecode.swift; path = CompletedGoalViewController.swift; sourceTree = "<group>"; };
		6371A52121FC4A4E00D80CF7 /* CompletedGoalViewModel.swift */ = {isa = PBXFileReference; lastKnownFileType = sourcecode.swift; path = CompletedGoalViewModel.swift; sourceTree = "<group>"; };
		6371A52321FC4A5700D80CF7 /* CompletedGoal.storyboard */ = {isa = PBXFileReference; lastKnownFileType = file.storyboard; path = CompletedGoal.storyboard; sourceTree = "<group>"; };
		63A3B5D72236A42A00105C58 /* HistoryViewController.storyboard */ = {isa = PBXFileReference; lastKnownFileType = file.storyboard; path = HistoryViewController.storyboard; sourceTree = "<group>"; };
		63B030BD21AB112300890104 /* DailyGoal.swift */ = {isa = PBXFileReference; lastKnownFileType = sourcecode.swift; path = DailyGoal.swift; sourceTree = "<group>"; };
		63B96A7B2224233400BBA9F9 /* SettingsViewController.storyboard */ = {isa = PBXFileReference; lastKnownFileType = file.storyboard; path = SettingsViewController.storyboard; sourceTree = "<group>"; };
		63B96A7D2224256100BBA9F9 /* MainViewController.storyboard */ = {isa = PBXFileReference; lastKnownFileType = file.storyboard; path = MainViewController.storyboard; sourceTree = "<group>"; };
		63B96A7F2224268600BBA9F9 /* DashboardViewController.storyboard */ = {isa = PBXFileReference; lastKnownFileType = file.storyboard; path = DashboardViewController.storyboard; sourceTree = "<group>"; };
		63BA7BC521CFA2190010A5A7 /* Onboarding.storyboard */ = {isa = PBXFileReference; lastKnownFileType = file.storyboard; path = Onboarding.storyboard; sourceTree = "<group>"; };
		63BA7BC721CFA4210010A5A7 /* GoalEntry.storyboard */ = {isa = PBXFileReference; lastKnownFileType = file.storyboard; path = GoalEntry.storyboard; sourceTree = "<group>"; };
		63BA7C0521D1DF6F0010A5A7 /* UserService.swift */ = {isa = PBXFileReference; lastKnownFileType = sourcecode.swift; path = UserService.swift; sourceTree = "<group>"; };
		63BA7C0721D1EE100010A5A7 /* Review.storyboard */ = {isa = PBXFileReference; lastKnownFileType = file.storyboard; path = Review.storyboard; sourceTree = "<group>"; };
		63BB458B21E9FA1F006556D3 /* GoalEntryViewController.swift */ = {isa = PBXFileReference; lastKnownFileType = sourcecode.swift; path = GoalEntryViewController.swift; sourceTree = "<group>"; };
		63BB458D21E9FA27006556D3 /* GoalEntryViewModel.swift */ = {isa = PBXFileReference; lastKnownFileType = sourcecode.swift; path = GoalEntryViewModel.swift; sourceTree = "<group>"; };
		63BB458F21F578B8006556D3 /* UITextFieldFixed.swift */ = {isa = PBXFileReference; lastKnownFileType = sourcecode.swift; path = UITextFieldFixed.swift; sourceTree = "<group>"; };
		63BB459221F5AA72006556D3 /* DashboardViewController.swift */ = {isa = PBXFileReference; lastKnownFileType = sourcecode.swift; path = DashboardViewController.swift; sourceTree = "<group>"; };
		63BB459621F5AD90006556D3 /* TextStylable.swift */ = {isa = PBXFileReference; lastKnownFileType = sourcecode.swift; path = TextStylable.swift; sourceTree = "<group>"; };
		63BB459821F5AE72006556D3 /* UIButton+Ext.swift */ = {isa = PBXFileReference; lastKnownFileType = sourcecode.swift; path = "UIButton+Ext.swift"; sourceTree = "<group>"; };
		63F57A85222BDAFB003D7F31 /* MainViewController.swift */ = {isa = PBXFileReference; fileEncoding = 4; lastKnownFileType = sourcecode.swift; path = MainViewController.swift; sourceTree = "<group>"; };
		63FF09A121AC12840001B450 /* LocalCollection.swift */ = {isa = PBXFileReference; fileEncoding = 4; lastKnownFileType = sourcecode.swift; path = LocalCollection.swift; sourceTree = "<group>"; };
		AE36D516A8E4B23711AB8588 /* Pods-OnePercentWin.debug.xcconfig */ = {isa = PBXFileReference; includeInIndex = 1; lastKnownFileType = text.xcconfig; name = "Pods-OnePercentWin.debug.xcconfig"; path = "Pods/Target Support Files/Pods-OnePercentWin/Pods-OnePercentWin.debug.xcconfig"; sourceTree = "<group>"; };
/* End PBXFileReference section */

/* Begin PBXFrameworksBuildPhase section */
		150A300B21A6E106000CAB0C /* Frameworks */ = {
			isa = PBXFrameworksBuildPhase;
			buildActionMask = 2147483647;
			files = (
				8D4F9253C435883B654B4926 /* Pods_OnePercentWin.framework in Frameworks */,
			);
			runOnlyForDeploymentPostprocessing = 0;
		};
/* End PBXFrameworksBuildPhase section */

/* Begin PBXGroup section */
		150A300521A6E106000CAB0C = {
			isa = PBXGroup;
			children = (
				150A301021A6E106000CAB0C /* OnePercentWin */,
				C7E2D27A34E025A1E9451F2B /* Pods */,
				E328ADD7DB7764224E12DBFF /* Frameworks */,
			);
			sourceTree = "<group>";
		};
		150A300F21A6E106000CAB0C /* Products */ = {
			isa = PBXGroup;
			children = (
				150A300E21A6E106000CAB0C /* OnePercentWin.app */,
			);
			name = Products;
			path = ..;
			sourceTree = "<group>";
		};
		150A301021A6E106000CAB0C /* OnePercentWin */ = {
			isa = PBXGroup;
			children = (
				15A8FD2422C50C0200C868D8 /* Check-in */,
				6371A51E21FC4A3000D80CF7 /* CompletedGoal */,
				150A301121A6E106000CAB0C /* AppDelegate.swift */,
				150A301A21A6E107000CAB0C /* Assets.xcassets */,
				63BB459121F5AA51006556D3 /* Dashboard */,
				633781EE21D434DB00E11531 /* Extensions */,
				63BB458A21E9FA0B006556D3 /* GoalEntry */,
				15E2FCCB226340D200C5775F /* GoogleService-Info.plist */,
				150A303321A70237000CAB0C /* History */,
				150A301F21A6E107000CAB0C /* Info.plist */,
				150A301C21A6E107000CAB0C /* LaunchScreen.storyboard */,
				63FF09A121AC12840001B450 /* LocalCollection.swift */,
				150A301721A6E106000CAB0C /* Main.storyboard */,
				150A303D21A91EF7000CAB0C /* Models */,
				6371A51721F9AE1900D80CF7 /* NotesEntry */,
				63BA7BC521CFA2190010A5A7 /* Onboarding.storyboard */,
				150A300F21A6E106000CAB0C /* Products */,
				63BA7C0721D1EE100010A5A7 /* Review.storyboard */,
				150A302721A6E427000CAB0C /* Settings */,
				150A302D21A701E1000CAB0C /* SharedServices */,
				150A302821A700C4000CAB0C /* MainViewController */,
				63BB458F21F578B8006556D3 /* UITextFieldFixed.swift */,
				630A9850222A9FFB008B0116 /* DateSelection */,
			);
			path = OnePercentWin;
			sourceTree = "<group>";
		};
		150A302721A6E427000CAB0C /* Settings */ = {
			isa = PBXGroup;
			children = (
				150A302521A6E422000CAB0C /* SettingsViewController.swift */,
				630DC5F221B011B600E608F4 /* SettingsViewModel.swift */,
				63B96A7B2224233400BBA9F9 /* SettingsViewController.storyboard */,
			);
			path = Settings;
			sourceTree = "<group>";
		};
		150A302821A700C4000CAB0C /* MainViewController */ = {
			isa = PBXGroup;
			children = (
				63F57A85222BDAFB003D7F31 /* MainViewController.swift */,
				150A302B21A701DC000CAB0C /* MainViewModel.swift */,
				63B96A7D2224256100BBA9F9 /* MainViewController.storyboard */,
			);
			path = MainViewController;
			sourceTree = "<group>";
		};
		150A302D21A701E1000CAB0C /* SharedServices */ = {
			isa = PBXGroup;
			children = (
				63426E0321E9F45000EA35CB /* Fonts */,
				150A303021A70207000CAB0C /* RepoWrapper.swift */,
				63BA7C0521D1DF6F0010A5A7 /* UserService.swift */,
				150A302E21A701F4000CAB0C /* UserDefaultsWrapper.swift */,
				63426E0121E9F3B700EA35CB /* ThemeHelper.swift */,
				630A9863222BC01D008B0116 /* UserGoalsServiceWrapper.swift */,
			);
			path = SharedServices;
			sourceTree = "<group>";
		};
		150A303321A70237000CAB0C /* History */ = {
			isa = PBXGroup;
			children = (
				63426DFF21E9E3AB00EA35CB /* HistoryCellModel.swift */,
				150A303421A70248000CAB0C /* HistoryViewController.swift */,
				150A303621A70251000CAB0C /* HistoryViewModel.swift */,
				633781F121D5061900E11531 /* HistoryCalendarCell.swift */,
				63A3B5D72236A42A00105C58 /* HistoryViewController.storyboard */,
			);
			path = History;
			sourceTree = "<group>";
		};
		150A303D21A91EF7000CAB0C /* Models */ = {
			isa = PBXGroup;
			children = (
				63B030BD21AB112300890104 /* DailyGoal.swift */,
				630DC5F421B191C900E608F4 /* UserSettings.swift */,
			);
			path = Models;
			sourceTree = "<group>";
		};
		15A8FD2422C50C0200C868D8 /* Check-in */ = {
			isa = PBXGroup;
			children = (
				15A8FD2522C50C5200C868D8 /* CheckinViewController.storyboard */,
				15A8FD2722C50C7D00C868D8 /* CheckinViewController.swift */,
			);
			path = "Check-in";
			sourceTree = "<group>";
		};
		630A9850222A9FFB008B0116 /* DateSelection */ = {
			isa = PBXGroup;
			children = (
				630A9851222AA016008B0116 /* DateSelectionViewController.storyboard */,
				630A9853222AA025008B0116 /* DateSelectionViewController.swift */,
				630A9855222AA03F008B0116 /* DateSelectionPresenter.swift */,
				630A9857222AA05F008B0116 /* DateSelectionInteractor.swift */,
				630A9859222AA07B008B0116 /* DateSelectionEntities.swift */,
				630A985B222AA08A008B0116 /* DateSelectionBuilder.swift */,
				630A985D222AA09D008B0116 /* DateSelectionCoordinator.swift */,
				630A985F222AA0E6008B0116 /* DateSelectionContract.swift */,
				630A9861222B8CEB008B0116 /* DateSelectionCell.swift */,
			);
			path = DateSelection;
			sourceTree = "<group>";
		};
		633781EE21D434DB00E11531 /* Extensions */ = {
			isa = PBXGroup;
			children = (
				633781EF21D434F200E11531 /* Date+Ext.swift */,
				632520D92246559700EF6971 /* NotificationCenter+Ext.swift */,
				63BB459621F5AD90006556D3 /* TextStylable.swift */,
				63BB459821F5AE72006556D3 /* UIButton+Ext.swift */,
				632520DB2248DE2D00EF6971 /* UICollectionView+Ext.swift */,
				634C9EA92249E9A500E2B53E /* UIView+Ext.swift */,
			);
			path = Extensions;
			sourceTree = "<group>";
		};
		63426E0321E9F45000EA35CB /* Fonts */ = {
			isa = PBXGroup;
			children = (
				63426E1221E9F45C00EA35CB /* Roboto-Black.ttf */,
				63426E2821E9F65600EA35CB /* Roboto-Regular.ttf */,
				63426E0E21E9F45B00EA35CB /* Roboto-Italic.ttf */,
			);
			path = Fonts;
			sourceTree = "<group>";
		};
		6371A51721F9AE1900D80CF7 /* NotesEntry */ = {
			isa = PBXGroup;
			children = (
				6371A51821F9AE4800D80CF7 /* NotesEntry.storyboard */,
				6371A51A21F9AE5B00D80CF7 /* NotesEntryViewController.swift */,
				6371A51C21F9AE6300D80CF7 /* NotesEntryViewModel.swift */,
				15F33FE522C65A7700A4278B /* NotesEntryContracts.swift */,
			);
			path = NotesEntry;
			sourceTree = "<group>";
		};
		6371A51E21FC4A3000D80CF7 /* CompletedGoal */ = {
			isa = PBXGroup;
			children = (
				6371A51F21FC4A4300D80CF7 /* CompletedGoalViewController.swift */,
				6371A52121FC4A4E00D80CF7 /* CompletedGoalViewModel.swift */,
				6371A52321FC4A5700D80CF7 /* CompletedGoal.storyboard */,
			);
			path = CompletedGoal;
			sourceTree = "<group>";
		};
		63BB458A21E9FA0B006556D3 /* GoalEntry */ = {
			isa = PBXGroup;
			children = (
				63BA7BC721CFA4210010A5A7 /* GoalEntry.storyboard */,
				63BB458B21E9FA1F006556D3 /* GoalEntryViewController.swift */,
				63BB458D21E9FA27006556D3 /* GoalEntryViewModel.swift */,
			);
			path = GoalEntry;
			sourceTree = "<group>";
		};
		63BB459121F5AA51006556D3 /* Dashboard */ = {
			isa = PBXGroup;
			children = (
				15E2FCC922633FDD00C5775F /* DashboardViewModel.swift */,
				63BB459221F5AA72006556D3 /* DashboardViewController.swift */,
				63B96A7F2224268600BBA9F9 /* DashboardViewController.storyboard */,
			);
			path = Dashboard;
			sourceTree = "<group>";
		};
		C7E2D27A34E025A1E9451F2B /* Pods */ = {
			isa = PBXGroup;
			children = (
				AE36D516A8E4B23711AB8588 /* Pods-OnePercentWin.debug.xcconfig */,
				000630BC2ACDD59A9D83E0B0 /* Pods-OnePercentWin.release.xcconfig */,
			);
			name = Pods;
			sourceTree = "<group>";
		};
		E328ADD7DB7764224E12DBFF /* Frameworks */ = {
			isa = PBXGroup;
			children = (
				1ADC9A54CAE28B932803F408 /* Pods_OnePercentWin.framework */,
			);
			name = Frameworks;
			sourceTree = "<group>";
		};
/* End PBXGroup section */

/* Begin PBXNativeTarget section */
		150A300D21A6E106000CAB0C /* OnePercentWin */ = {
			isa = PBXNativeTarget;
			buildConfigurationList = 150A302221A6E107000CAB0C /* Build configuration list for PBXNativeTarget "OnePercentWin" */;
			buildPhases = (
				47BA67B40CDEF8E5B7144FFD /* [CP] Check Pods Manifest.lock */,
				150A300A21A6E106000CAB0C /* Sources */,
				150A300B21A6E106000CAB0C /* Frameworks */,
				150A300C21A6E106000CAB0C /* Resources */,
				FAEFC89F80B5F0D148C6B7CD /* [CP] Embed Pods Frameworks */,
				F6C813EA4A20EB732446DF10 /* [CP] Copy Pods Resources */,
			);
			buildRules = (
			);
			dependencies = (
			);
			name = OnePercentWin;
			productName = OnePercentWin;
			productReference = 150A300E21A6E106000CAB0C /* OnePercentWin.app */;
			productType = "com.apple.product-type.application";
		};
/* End PBXNativeTarget section */

/* Begin PBXProject section */
		150A300621A6E106000CAB0C /* Project object */ = {
			isa = PBXProject;
			attributes = {
				LastSwiftUpdateCheck = 1010;
				LastUpgradeCheck = 1010;
				ORGANIZATIONNAME = "David Lam";
				TargetAttributes = {
					150A300D21A6E106000CAB0C = {
						CreatedOnToolsVersion = 10.1;
					};
				};
			};
			buildConfigurationList = 150A300921A6E106000CAB0C /* Build configuration list for PBXProject "OnePercentWin" */;
			compatibilityVersion = "Xcode 9.3";
			developmentRegion = en;
			hasScannedForEncodings = 0;
			knownRegions = (
				en,
				Base,
			);
			mainGroup = 150A300521A6E106000CAB0C;
			productRefGroup = 150A300F21A6E106000CAB0C /* Products */;
			projectDirPath = "";
			projectRoot = "";
			targets = (
				150A300D21A6E106000CAB0C /* OnePercentWin */,
			);
		};
/* End PBXProject section */

/* Begin PBXResourcesBuildPhase section */
		150A300C21A6E106000CAB0C /* Resources */ = {
			isa = PBXResourcesBuildPhase;
			buildActionMask = 2147483647;
			files = (
				63B96A802224268600BBA9F9 /* DashboardViewController.storyboard in Resources */,
				63426E2021E9F45C00EA35CB /* Roboto-Italic.ttf in Resources */,
				15A8FD2622C50C5200C868D8 /* CheckinViewController.storyboard in Resources */,
				150A301E21A6E107000CAB0C /* LaunchScreen.storyboard in Resources */,
				630A9852222AA016008B0116 /* DateSelectionViewController.storyboard in Resources */,
				63426E2921E9F65700EA35CB /* Roboto-Regular.ttf in Resources */,
				6371A52421FC4A5700D80CF7 /* CompletedGoal.storyboard in Resources */,
				63426E2421E9F45C00EA35CB /* Roboto-Black.ttf in Resources */,
				63A3B5D82236A42A00105C58 /* HistoryViewController.storyboard in Resources */,
				6371A51921F9AE4800D80CF7 /* NotesEntry.storyboard in Resources */,
				63BA7BC621CFA2190010A5A7 /* Onboarding.storyboard in Resources */,
				15E2FCCC226340D200C5775F /* GoogleService-Info.plist in Resources */,
				150A301B21A6E107000CAB0C /* Assets.xcassets in Resources */,
				63BA7BC821CFA4210010A5A7 /* GoalEntry.storyboard in Resources */,
				63B96A7C2224233400BBA9F9 /* SettingsViewController.storyboard in Resources */,
				63B96A7E2224256100BBA9F9 /* MainViewController.storyboard in Resources */,
				150A301921A6E106000CAB0C /* Main.storyboard in Resources */,
				63BA7C0821D1EE100010A5A7 /* Review.storyboard in Resources */,
			);
			runOnlyForDeploymentPostprocessing = 0;
		};
/* End PBXResourcesBuildPhase section */

/* Begin PBXShellScriptBuildPhase section */
		47BA67B40CDEF8E5B7144FFD /* [CP] Check Pods Manifest.lock */ = {
			isa = PBXShellScriptBuildPhase;
			buildActionMask = 2147483647;
			files = (
			);
			inputFileListPaths = (
			);
			inputPaths = (
				"${PODS_PODFILE_DIR_PATH}/Podfile.lock",
				"${PODS_ROOT}/Manifest.lock",
			);
			name = "[CP] Check Pods Manifest.lock";
			outputFileListPaths = (
			);
			outputPaths = (
				"$(DERIVED_FILE_DIR)/Pods-OnePercentWin-checkManifestLockResult.txt",
			);
			runOnlyForDeploymentPostprocessing = 0;
			shellPath = /bin/sh;
			shellScript = "diff \"${PODS_PODFILE_DIR_PATH}/Podfile.lock\" \"${PODS_ROOT}/Manifest.lock\" > /dev/null\nif [ $? != 0 ] ; then\n    # print error to STDERR\n    echo \"error: The sandbox is not in sync with the Podfile.lock. Run 'pod install' or update your CocoaPods installation.\" >&2\n    exit 1\nfi\n# This output is used by Xcode 'outputs' to avoid re-running this script phase.\necho \"SUCCESS\" > \"${SCRIPT_OUTPUT_FILE_0}\"\n";
			showEnvVarsInLog = 0;
		};
		F6C813EA4A20EB732446DF10 /* [CP] Copy Pods Resources */ = {
			isa = PBXShellScriptBuildPhase;
			buildActionMask = 2147483647;
			files = (
			);
			inputFileListPaths = (
			);
			inputPaths = (
				"${SRCROOT}/Pods/Target Support Files/Pods-OnePercentWin/Pods-OnePercentWin-resources.sh",
				"${PODS_CONFIGURATION_BUILD_DIR}/FirebaseFirestore/gRPCCertificates.bundle",
				"${PODS_CONFIGURATION_BUILD_DIR}/FirebaseUI/FirebaseAuthUI.bundle",
			);
			name = "[CP] Copy Pods Resources";
			outputFileListPaths = (
			);
			outputPaths = (
				"${TARGET_BUILD_DIR}/${UNLOCALIZED_RESOURCES_FOLDER_PATH}/gRPCCertificates.bundle",
				"${TARGET_BUILD_DIR}/${UNLOCALIZED_RESOURCES_FOLDER_PATH}/FirebaseAuthUI.bundle",
			);
			runOnlyForDeploymentPostprocessing = 0;
			shellPath = /bin/sh;
			shellScript = "\"${SRCROOT}/Pods/Target Support Files/Pods-OnePercentWin/Pods-OnePercentWin-resources.sh\"\n";
			showEnvVarsInLog = 0;
		};
		FAEFC89F80B5F0D148C6B7CD /* [CP] Embed Pods Frameworks */ = {
			isa = PBXShellScriptBuildPhase;
			buildActionMask = 2147483647;
			files = (
			);
			inputFileListPaths = (
			);
			inputPaths = (
				"${SRCROOT}/Pods/Target Support Files/Pods-OnePercentWin/Pods-OnePercentWin-frameworks.sh",
				"${BUILT_PRODUCTS_DIR}/BoringSSL/openssl.framework",
				"${BUILT_PRODUCTS_DIR}/GTMSessionFetcher/GTMSessionFetcher.framework",
				"${BUILT_PRODUCTS_DIR}/GoogleUtilities/GoogleUtilities.framework",
				"${BUILT_PRODUCTS_DIR}/JTAppleCalendar/JTAppleCalendar.framework",
				"${BUILT_PRODUCTS_DIR}/Protobuf/Protobuf.framework",
				"${BUILT_PRODUCTS_DIR}/gRPC-C++/grpcpp.framework",
				"${BUILT_PRODUCTS_DIR}/gRPC-Core/grpc.framework",
				"${BUILT_PRODUCTS_DIR}/leveldb-library/leveldb.framework",
				"${BUILT_PRODUCTS_DIR}/nanopb/nanopb.framework",
			);
			name = "[CP] Embed Pods Frameworks";
			outputFileListPaths = (
			);
			outputPaths = (
				"${TARGET_BUILD_DIR}/${FRAMEWORKS_FOLDER_PATH}/openssl.framework",
				"${TARGET_BUILD_DIR}/${FRAMEWORKS_FOLDER_PATH}/GTMSessionFetcher.framework",
				"${TARGET_BUILD_DIR}/${FRAMEWORKS_FOLDER_PATH}/GoogleUtilities.framework",
				"${TARGET_BUILD_DIR}/${FRAMEWORKS_FOLDER_PATH}/JTAppleCalendar.framework",
				"${TARGET_BUILD_DIR}/${FRAMEWORKS_FOLDER_PATH}/Protobuf.framework",
				"${TARGET_BUILD_DIR}/${FRAMEWORKS_FOLDER_PATH}/grpcpp.framework",
				"${TARGET_BUILD_DIR}/${FRAMEWORKS_FOLDER_PATH}/grpc.framework",
				"${TARGET_BUILD_DIR}/${FRAMEWORKS_FOLDER_PATH}/leveldb.framework",
				"${TARGET_BUILD_DIR}/${FRAMEWORKS_FOLDER_PATH}/nanopb.framework",
			);
			runOnlyForDeploymentPostprocessing = 0;
			shellPath = /bin/sh;
			shellScript = "\"${SRCROOT}/Pods/Target Support Files/Pods-OnePercentWin/Pods-OnePercentWin-frameworks.sh\"\n";
			showEnvVarsInLog = 0;
		};
/* End PBXShellScriptBuildPhase section */

/* Begin PBXSourcesBuildPhase section */
		150A300A21A6E106000CAB0C /* Sources */ = {
			isa = PBXSourcesBuildPhase;
			buildActionMask = 2147483647;
			files = (
				6371A51B21F9AE5B00D80CF7 /* NotesEntryViewController.swift in Sources */,
				63BB459721F5AD90006556D3 /* TextStylable.swift in Sources */,
				150A302C21A701DC000CAB0C /* MainViewModel.swift in Sources */,
				63BB459321F5AA73006556D3 /* DashboardViewController.swift in Sources */,
				630DC5F521B191C900E608F4 /* UserSettings.swift in Sources */,
				63BB458E21E9FA27006556D3 /* GoalEntryViewModel.swift in Sources */,
				6371A52021FC4A4300D80CF7 /* CompletedGoalViewController.swift in Sources */,
				630A9864222BC01D008B0116 /* UserGoalsServiceWrapper.swift in Sources */,
				150A302F21A701F4000CAB0C /* UserDefaultsWrapper.swift in Sources */,
				630A9860222AA0E6008B0116 /* DateSelectionContract.swift in Sources */,
				15F33FE622C65A7700A4278B /* NotesEntryContracts.swift in Sources */,
				150A301221A6E106000CAB0C /* AppDelegate.swift in Sources */,
				15A8FD2822C50C7D00C868D8 /* CheckinViewController.swift in Sources */,
				63426E0021E9E3AB00EA35CB /* HistoryCellModel.swift in Sources */,
				63FF09A221AC12850001B450 /* LocalCollection.swift in Sources */,
				630A985C222AA08A008B0116 /* DateSelectionBuilder.swift in Sources */,
				633781F021D434F200E11531 /* Date+Ext.swift in Sources */,
				150A302621A6E422000CAB0C /* SettingsViewController.swift in Sources */,
				63BB459921F5AE72006556D3 /* UIButton+Ext.swift in Sources */,
				63BB458C21E9FA1F006556D3 /* GoalEntryViewController.swift in Sources */,
				63BA7C0621D1DF6F0010A5A7 /* UserService.swift in Sources */,
				63BB459021F578B8006556D3 /* UITextFieldFixed.swift in Sources */,
				6371A51D21F9AE6300D80CF7 /* NotesEntryViewModel.swift in Sources */,
				63F57A86222BDAFB003D7F31 /* MainViewController.swift in Sources */,
				150A303521A70248000CAB0C /* HistoryViewController.swift in Sources */,
				630A9862222B8CEB008B0116 /* DateSelectionCell.swift in Sources */,
				63B030BE21AB112300890104 /* DailyGoal.swift in Sources */,
				63426E0221E9F3B700EA35CB /* ThemeHelper.swift in Sources */,
				6371A52221FC4A4E00D80CF7 /* CompletedGoalViewModel.swift in Sources */,
				633781F221D5061900E11531 /* HistoryCalendarCell.swift in Sources */,
				630DC5F321B011B600E608F4 /* SettingsViewModel.swift in Sources */,
				630A985E222AA09D008B0116 /* DateSelectionCoordinator.swift in Sources */,
				150A303121A70207000CAB0C /* RepoWrapper.swift in Sources */,
				15E2FCCA22633FDD00C5775F /* DashboardViewModel.swift in Sources */,
				634C9EAA2249E9A500E2B53E /* UIView+Ext.swift in Sources */,
				630A9856222AA03F008B0116 /* DateSelectionPresenter.swift in Sources */,
				630A9858222AA05F008B0116 /* DateSelectionInteractor.swift in Sources */,
				630A9854222AA025008B0116 /* DateSelectionViewController.swift in Sources */,
				150A303721A70251000CAB0C /* HistoryViewModel.swift in Sources */,
				630A985A222AA07B008B0116 /* DateSelectionEntities.swift in Sources */,
				632520DC2248DE2D00EF6971 /* UICollectionView+Ext.swift in Sources */,
				632520DA2246559700EF6971 /* NotificationCenter+Ext.swift in Sources */,
			);
			runOnlyForDeploymentPostprocessing = 0;
		};
/* End PBXSourcesBuildPhase section */

/* Begin PBXVariantGroup section */
		150A301721A6E106000CAB0C /* Main.storyboard */ = {
			isa = PBXVariantGroup;
			children = (
				150A301821A6E106000CAB0C /* Base */,
			);
			name = Main.storyboard;
			sourceTree = "<group>";
		};
		150A301C21A6E107000CAB0C /* LaunchScreen.storyboard */ = {
			isa = PBXVariantGroup;
			children = (
				150A301D21A6E107000CAB0C /* Base */,
			);
			name = LaunchScreen.storyboard;
			sourceTree = "<group>";
		};
/* End PBXVariantGroup section */

/* Begin XCBuildConfiguration section */
		150A302021A6E107000CAB0C /* Debug */ = {
			isa = XCBuildConfiguration;
			buildSettings = {
				ALWAYS_SEARCH_USER_PATHS = NO;
				CLANG_ANALYZER_NONNULL = YES;
				CLANG_ANALYZER_NUMBER_OBJECT_CONVERSION = YES_AGGRESSIVE;
				CLANG_CXX_LANGUAGE_STANDARD = "gnu++14";
				CLANG_CXX_LIBRARY = "libc++";
				CLANG_ENABLE_MODULES = YES;
				CLANG_ENABLE_OBJC_ARC = YES;
				CLANG_ENABLE_OBJC_WEAK = YES;
				CLANG_WARN_BLOCK_CAPTURE_AUTORELEASING = YES;
				CLANG_WARN_BOOL_CONVERSION = YES;
				CLANG_WARN_COMMA = YES;
				CLANG_WARN_CONSTANT_CONVERSION = YES;
				CLANG_WARN_DEPRECATED_OBJC_IMPLEMENTATIONS = YES;
				CLANG_WARN_DIRECT_OBJC_ISA_USAGE = YES_ERROR;
				CLANG_WARN_DOCUMENTATION_COMMENTS = YES;
				CLANG_WARN_EMPTY_BODY = YES;
				CLANG_WARN_ENUM_CONVERSION = YES;
				CLANG_WARN_INFINITE_RECURSION = YES;
				CLANG_WARN_INT_CONVERSION = YES;
				CLANG_WARN_NON_LITERAL_NULL_CONVERSION = YES;
				CLANG_WARN_OBJC_IMPLICIT_RETAIN_SELF = YES;
				CLANG_WARN_OBJC_LITERAL_CONVERSION = YES;
				CLANG_WARN_OBJC_ROOT_CLASS = YES_ERROR;
				CLANG_WARN_RANGE_LOOP_ANALYSIS = YES;
				CLANG_WARN_STRICT_PROTOTYPES = YES;
				CLANG_WARN_SUSPICIOUS_MOVE = YES;
				CLANG_WARN_UNGUARDED_AVAILABILITY = YES_AGGRESSIVE;
				CLANG_WARN_UNREACHABLE_CODE = YES;
				CLANG_WARN__DUPLICATE_METHOD_MATCH = YES;
				CODE_SIGN_IDENTITY = "iPhone Developer";
				COPY_PHASE_STRIP = NO;
				DEBUG_INFORMATION_FORMAT = dwarf;
				ENABLE_STRICT_OBJC_MSGSEND = YES;
				ENABLE_TESTABILITY = YES;
				GCC_C_LANGUAGE_STANDARD = gnu11;
				GCC_DYNAMIC_NO_PIC = NO;
				GCC_NO_COMMON_BLOCKS = YES;
				GCC_OPTIMIZATION_LEVEL = 0;
				GCC_PREPROCESSOR_DEFINITIONS = (
					"DEBUG=1",
					"$(inherited)",
				);
				GCC_WARN_64_TO_32_BIT_CONVERSION = YES;
				GCC_WARN_ABOUT_RETURN_TYPE = YES_ERROR;
				GCC_WARN_UNDECLARED_SELECTOR = YES;
				GCC_WARN_UNINITIALIZED_AUTOS = YES_AGGRESSIVE;
				GCC_WARN_UNUSED_FUNCTION = YES;
				GCC_WARN_UNUSED_VARIABLE = YES;
				IPHONEOS_DEPLOYMENT_TARGET = 12.1;
				MTL_ENABLE_DEBUG_INFO = INCLUDE_SOURCE;
				MTL_FAST_MATH = YES;
				ONLY_ACTIVE_ARCH = YES;
				SDKROOT = iphoneos;
				SWIFT_ACTIVE_COMPILATION_CONDITIONS = DEBUG;
				SWIFT_OPTIMIZATION_LEVEL = "-Onone";
			};
			name = Debug;
		};
		150A302121A6E107000CAB0C /* Release */ = {
			isa = XCBuildConfiguration;
			buildSettings = {
				ALWAYS_SEARCH_USER_PATHS = NO;
				CLANG_ANALYZER_NONNULL = YES;
				CLANG_ANALYZER_NUMBER_OBJECT_CONVERSION = YES_AGGRESSIVE;
				CLANG_CXX_LANGUAGE_STANDARD = "gnu++14";
				CLANG_CXX_LIBRARY = "libc++";
				CLANG_ENABLE_MODULES = YES;
				CLANG_ENABLE_OBJC_ARC = YES;
				CLANG_ENABLE_OBJC_WEAK = YES;
				CLANG_WARN_BLOCK_CAPTURE_AUTORELEASING = YES;
				CLANG_WARN_BOOL_CONVERSION = YES;
				CLANG_WARN_COMMA = YES;
				CLANG_WARN_CONSTANT_CONVERSION = YES;
				CLANG_WARN_DEPRECATED_OBJC_IMPLEMENTATIONS = YES;
				CLANG_WARN_DIRECT_OBJC_ISA_USAGE = YES_ERROR;
				CLANG_WARN_DOCUMENTATION_COMMENTS = YES;
				CLANG_WARN_EMPTY_BODY = YES;
				CLANG_WARN_ENUM_CONVERSION = YES;
				CLANG_WARN_INFINITE_RECURSION = YES;
				CLANG_WARN_INT_CONVERSION = YES;
				CLANG_WARN_NON_LITERAL_NULL_CONVERSION = YES;
				CLANG_WARN_OBJC_IMPLICIT_RETAIN_SELF = YES;
				CLANG_WARN_OBJC_LITERAL_CONVERSION = YES;
				CLANG_WARN_OBJC_ROOT_CLASS = YES_ERROR;
				CLANG_WARN_RANGE_LOOP_ANALYSIS = YES;
				CLANG_WARN_STRICT_PROTOTYPES = YES;
				CLANG_WARN_SUSPICIOUS_MOVE = YES;
				CLANG_WARN_UNGUARDED_AVAILABILITY = YES_AGGRESSIVE;
				CLANG_WARN_UNREACHABLE_CODE = YES;
				CLANG_WARN__DUPLICATE_METHOD_MATCH = YES;
				CODE_SIGN_IDENTITY = "iPhone Developer";
				COPY_PHASE_STRIP = NO;
				DEBUG_INFORMATION_FORMAT = "dwarf-with-dsym";
				ENABLE_NS_ASSERTIONS = NO;
				ENABLE_STRICT_OBJC_MSGSEND = YES;
				GCC_C_LANGUAGE_STANDARD = gnu11;
				GCC_NO_COMMON_BLOCKS = YES;
				GCC_WARN_64_TO_32_BIT_CONVERSION = YES;
				GCC_WARN_ABOUT_RETURN_TYPE = YES_ERROR;
				GCC_WARN_UNDECLARED_SELECTOR = YES;
				GCC_WARN_UNINITIALIZED_AUTOS = YES_AGGRESSIVE;
				GCC_WARN_UNUSED_FUNCTION = YES;
				GCC_WARN_UNUSED_VARIABLE = YES;
				IPHONEOS_DEPLOYMENT_TARGET = 12.1;
				MTL_ENABLE_DEBUG_INFO = NO;
				MTL_FAST_MATH = YES;
				SDKROOT = iphoneos;
				SWIFT_COMPILATION_MODE = wholemodule;
				SWIFT_OPTIMIZATION_LEVEL = "-O";
				VALIDATE_PRODUCT = YES;
			};
			name = Release;
		};
		150A302321A6E107000CAB0C /* Debug */ = {
			isa = XCBuildConfiguration;
			baseConfigurationReference = AE36D516A8E4B23711AB8588 /* Pods-OnePercentWin.debug.xcconfig */;
			buildSettings = {
				ASSETCATALOG_COMPILER_APPICON_NAME = AppIcon;
				CODE_SIGN_IDENTITY = "iPhone Distribution";
				CODE_SIGN_STYLE = Manual;
				DEVELOPMENT_TEAM = 3UC52MR44U;
				INFOPLIST_FILE = OnePercentWin/Info.plist;
				IPHONEOS_DEPLOYMENT_TARGET = 12.0;
				LD_RUNPATH_SEARCH_PATHS = (
					"$(inherited)",
					"@executable_path/Frameworks",
				);
				PRODUCT_BUNDLE_IDENTIFIER = com.happylab.onepercentwin;
				PRODUCT_NAME = "$(TARGET_NAME)";
				PROVISIONING_PROFILE_SPECIFIER = "match AdHoc com.happylab.onepercentwin";
				SWIFT_VERSION = 4.2;
				TARGETED_DEVICE_FAMILY = "1,2";
			};
			name = Debug;
		};
		150A302421A6E107000CAB0C /* Release */ = {
			isa = XCBuildConfiguration;
			baseConfigurationReference = 000630BC2ACDD59A9D83E0B0 /* Pods-OnePercentWin.release.xcconfig */;
			buildSettings = {
				ASSETCATALOG_COMPILER_APPICON_NAME = AppIcon;
				CODE_SIGN_IDENTITY = "iPhone Distribution";
				CODE_SIGN_STYLE = Manual;
				DEVELOPMENT_TEAM = 3UC52MR44U;
				INFOPLIST_FILE = OnePercentWin/Info.plist;
				IPHONEOS_DEPLOYMENT_TARGET = 12.0;
				LD_RUNPATH_SEARCH_PATHS = (
					"$(inherited)",
					"@executable_path/Frameworks",
				);
				PRODUCT_BUNDLE_IDENTIFIER = com.happylab.onepercentwin;
				PRODUCT_NAME = "$(TARGET_NAME)";
				PROVISIONING_PROFILE_SPECIFIER = "match AdHoc com.happylab.onepercentwin";
				SWIFT_VERSION = 4.2;
				TARGETED_DEVICE_FAMILY = "1,2";
			};
			name = Release;
		};
/* End XCBuildConfiguration section */

/* Begin XCConfigurationList section */
		150A300921A6E106000CAB0C /* Build configuration list for PBXProject "OnePercentWin" */ = {
			isa = XCConfigurationList;
			buildConfigurations = (
				150A302021A6E107000CAB0C /* Debug */,
				150A302121A6E107000CAB0C /* Release */,
			);
			defaultConfigurationIsVisible = 0;
			defaultConfigurationName = Release;
		};
		150A302221A6E107000CAB0C /* Build configuration list for PBXNativeTarget "OnePercentWin" */ = {
			isa = XCConfigurationList;
			buildConfigurations = (
				150A302321A6E107000CAB0C /* Debug */,
				150A302421A6E107000CAB0C /* Release */,
			);
			defaultConfigurationIsVisible = 0;
			defaultConfigurationName = Release;
		};
/* End XCConfigurationList section */
	};
	rootObject = 150A300621A6E106000CAB0C /* Project object */;
}
